
Microsoft Visual Studio Solution File, Format Version 12.00
# Visual Studio Version 17
VisualStudioVersion = 17.0.31903.59
MinimumVisualStudioVersion = 10.0.40219.1
Project("{2150E333-8FDC-42A3-9474-1A3956D46DE8}") = "src", "src", "{17305A4B-9B02-4B03-8587-038C1FF3F711}"
EndProject
Project("{FAE04EC0-301F-11D3-BF4B-00C04F79EFBC}") = "TuiSecretary.Domain", "src\Domain\TuiSecretary.Domain.csproj", "{20424296-89BE-43BF-82CD-2B9E8275F478}"
EndProject
Project("{FAE04EC0-301F-11D3-BF4B-00C04F79EFBC}") = "TuiSecretary.Application", "src\Application\TuiSecretary.Application.csproj", "{5237BCCF-996F-4D17-9D18-517F05A3E041}"
EndProject
Project("{FAE04EC0-301F-11D3-BF4B-00C04F79EFBC}") = "TuiSecretary.Infrastructure", "src\Infrastructure\TuiSecretary.Infrastructure.csproj", "{75A033A3-CD9E-4068-9D95-F1DC38B22A62}"
EndProject
Project("{FAE04EC0-301F-11D3-BF4B-00C04F79EFBC}") = "TuiSecretary.Presentation", "src\Presentation\TuiSecretary.Presentation.csproj", "{D232C887-9F3D-4F48-A68C-72F04FFEFBCB}"
EndProject
Project("{FAE04EC0-301F-11D3-BF4B-00C04F79EFBC}") = "TuiSecretary.ApiServer", "src\ApiServer\TuiSecretary.ApiServer.csproj", "{A4B8C123-4567-89AB-CDEF-123456789ABC}"
EndProject
Project("{2150E333-8FDC-42A3-9474-1A3956D46DE8}") = "tests", "tests", "{93CBFDC2-C6C9-4033-B8FE-5FCCDE748407}"
EndProject
Project("{FAE04EC0-301F-11D3-BF4B-00C04F79EFBC}") = "TuiSecretary.Domain.Tests", "tests\Domain.Tests\TuiSecretary.Domain.Tests.csproj", "{FBFBEB85-03D4-460E-99D4-6C2F8FE22EDE}"
EndProject
Project("{FAE04EC0-301F-11D3-BF4B-00C04F79EFBC}") = "TuiSecretary.Application.Tests", "tests\Application.Tests\TuiSecretary.Application.Tests.csproj", "{E83A2BEB-F8A5-454F-8C56-279BFA5036AC}"
EndProject
Project("{FAE04EC0-301F-11D3-BF4B-00C04F79EFBC}") = "TuiSecretary.Infrastructure.Tests", "tests\Infrastructure.Tests\TuiSecretary.Infrastructure.Tests.csproj", "{D8CB2874-4648-498E-A5CF-609FC1E682FD}"
EndProject
Project("{FAE04EC0-301F-11D3-BF4B-00C04F79EFBC}") = "TuiSecretary.Presentation.Tests", "tests\Presentation.Tests\TuiSecretary.Presentation.Tests.csproj", "{FD2837AE-7D44-4DA0-B057-E9BA1E6679F8}"
EndProject
Global
	GlobalSection(SolutionConfigurationPlatforms) = preSolution
		Debug|Any CPU = Debug|Any CPU
		Release|Any CPU = Release|Any CPU
	EndGlobalSection
	GlobalSection(SolutionProperties) = preSolution
		HideSolutionNode = FALSE
	EndGlobalSection
	GlobalSection(ProjectConfigurationPlatforms) = postSolution
		{20424296-89BE-43BF-82CD-2B9E8275F478}.Debug|Any CPU.ActiveCfg = Debug|Any CPU
		{20424296-89BE-43BF-82CD-2B9E8275F478}.Debug|Any CPU.Build.0 = Debug|Any CPU
		{20424296-89BE-43BF-82CD-2B9E8275F478}.Release|Any CPU.ActiveCfg = Release|Any CPU
		{20424296-89BE-43BF-82CD-2B9E8275F478}.Release|Any CPU.Build.0 = Release|Any CPU
		{5237BCCF-996F-4D17-9D18-517F05A3E041}.Debug|Any CPU.ActiveCfg = Debug|Any CPU
		{5237BCCF-996F-4D17-9D18-517F05A3E041}.Debug|Any CPU.Build.0 = Debug|Any CPU
		{5237BCCF-996F-4D17-9D18-517F05A3E041}.Release|Any CPU.ActiveCfg = Release|Any CPU
		{5237BCCF-996F-4D17-9D18-517F05A3E041}.Release|Any CPU.Build.0 = Release|Any CPU
		{75A033A3-CD9E-4068-9D95-F1DC38B22A62}.Debug|Any CPU.ActiveCfg = Debug|Any CPU
		{75A033A3-CD9E-4068-9D95-F1DC38B22A62}.Debug|Any CPU.Build.0 = Debug|Any CPU
		{75A033A3-CD9E-4068-9D95-F1DC38B22A62}.Release|Any CPU.ActiveCfg = Release|Any CPU
		{75A033A3-CD9E-4068-9D95-F1DC38B22A62}.Release|Any CPU.Build.0 = Release|Any CPU
		{D232C887-9F3D-4F48-A68C-72F04FFEFBCB}.Debug|Any CPU.ActiveCfg = Debug|Any CPU
		{D232C887-9F3D-4F48-A68C-72F04FFEFBCB}.Debug|Any CPU.Build.0 = Debug|Any CPU
		{D232C887-9F3D-4F48-A68C-72F04FFEFBCB}.Release|Any CPU.ActiveCfg = Release|Any CPU
		{D232C887-9F3D-4F48-A68C-72F04FFEFBCB}.Release|Any CPU.Build.0 = Release|Any CPU
		{A4B8C123-4567-89AB-CDEF-123456789ABC}.Debug|Any CPU.ActiveCfg = Debug|Any CPU
		{A4B8C123-4567-89AB-CDEF-123456789ABC}.Debug|Any CPU.Build.0 = Debug|Any CPU
		{A4B8C123-4567-89AB-CDEF-123456789ABC}.Release|Any CPU.ActiveCfg = Release|Any CPU
		{A4B8C123-4567-89AB-CDEF-123456789ABC}.Release|Any CPU.Build.0 = Release|Any CPU
		{FBFBEB85-03D4-460E-99D4-6C2F8FE22EDE}.Debug|Any CPU.ActiveCfg = Debug|Any CPU
		{FBFBEB85-03D4-460E-99D4-6C2F8FE22EDE}.Debug|Any CPU.Build.0 = Debug|Any CPU
		{FBFBEB85-03D4-460E-99D4-6C2F8FE22EDE}.Release|Any CPU.ActiveCfg = Release|Any CPU
		{FBFBEB85-03D4-460E-99D4-6C2F8FE22EDE}.Release|Any CPU.Build.0 = Release|Any CPU
		{E83A2BEB-F8A5-454F-8C56-279BFA5036AC}.Debug|Any CPU.ActiveCfg = Debug|Any CPU
		{E83A2BEB-F8A5-454F-8C56-279BFA5036AC}.Debug|Any CPU.Build.0 = Debug|Any CPU
		{E83A2BEB-F8A5-454F-8C56-279BFA5036AC}.Release|Any CPU.ActiveCfg = Release|Any CPU
		{E83A2BEB-F8A5-454F-8C56-279BFA5036AC}.Release|Any CPU.Build.0 = Release|Any CPU
		{D8CB2874-4648-498E-A5CF-609FC1E682FD}.Debug|Any CPU.ActiveCfg = Debug|Any CPU
		{D8CB2874-4648-498E-A5CF-609FC1E682FD}.Debug|Any CPU.Build.0 = Debug|Any CPU
		{D8CB2874-4648-498E-A5CF-609FC1E682FD}.Release|Any CPU.ActiveCfg = Release|Any CPU
		{D8CB2874-4648-498E-A5CF-609FC1E682FD}.Release|Any CPU.Build.0 = Release|Any CPU
		{FD2837AE-7D44-4DA0-B057-E9BA1E6679F8}.Debug|Any CPU.ActiveCfg = Debug|Any CPU
		{FD2837AE-7D44-4DA0-B057-E9BA1E6679F8}.Debug|Any CPU.Build.0 = Debug|Any CPU
		{FD2837AE-7D44-4DA0-B057-E9BA1E6679F8}.Release|Any CPU.ActiveCfg = Release|Any CPU
		{FD2837AE-7D44-4DA0-B057-E9BA1E6679F8}.Release|Any CPU.Build.0 = Release|Any CPU
	EndGlobalSection
	GlobalSection(NestedProjects) = preSolution
		{20424296-89BE-43BF-82CD-2B9E8275F478} = {17305A4B-9B02-4B03-8587-038C1FF3F711}
		{5237BCCF-996F-4D17-9D18-517F05A3E041} = {17305A4B-9B02-4B03-8587-038C1FF3F711}
		{75A033A3-CD9E-4068-9D95-F1DC38B22A62} = {17305A4B-9B02-4B03-8587-038C1FF3F711}
		{D232C887-9F3D-4F48-A68C-72F04FFEFBCB} = {17305A4B-9B02-4B03-8587-038C1FF3F711}
		{A4B8C123-4567-89AB-CDEF-123456789ABC} = {17305A4B-9B02-4B03-8587-038C1FF3F711}
		{FBFBEB85-03D4-460E-99D4-6C2F8FE22EDE} = {93CBFDC2-C6C9-4033-B8FE-5FCCDE748407}
		{E83A2BEB-F8A5-454F-8C56-279BFA5036AC} = {93CBFDC2-C6C9-4033-B8FE-5FCCDE748407}
		{D8CB2874-4648-498E-A5CF-609FC1E682FD} = {93CBFDC2-C6C9-4033-B8FE-5FCCDE748407}
		{FD2837AE-7D44-4DA0-B057-E9BA1E6679F8} = {93CBFDC2-C6C9-4033-B8FE-5FCCDE748407}
	EndGlobalSection
EndGlobal
